
Microsoft Visual Studio Solution File, Format Version 12.00
# Visual Studio Version 17
VisualStudioVersion = 17.9.34321.82
MinimumVisualStudioVersion = 10.0.40219.1
Project("{9A19103F-16F7-4668-BE54-9A1E7A4F7556}") = "Factory", "Factory.csproj", "{00C7794A-9BF2-44B0-A81A-06F41708B4E0}"
EndProject
Project("{9A19103F-16F7-4668-BE54-9A1E7A4F7556}") = "TestProject1", "TestProject1\TestProject1.csproj", "{0838FDDF-C6D0-47B4-ACFF-21DFE2191EA3}"
EndProject
Global
	GlobalSection(SolutionConfigurationPlatforms) = preSolution
		Debug|Any CPU = Debug|Any CPU
		Release|Any CPU = Release|Any CPU
	EndGlobalSection
	GlobalSection(ProjectConfigurationPlatforms) = postSolution
		{00C7794A-9BF2-44B0-A81A-06F41708B4E0}.Debug|Any CPU.ActiveCfg = Debug|Any CPU
		{00C7794A-9BF2-44B0-A81A-06F41708B4E0}.Debug|Any CPU.Build.0 = Debug|Any CPU
		{00C7794A-9BF2-44B0-A81A-06F41708B4E0}.Release|Any CPU.ActiveCfg = Release|Any CPU
		{00C7794A-9BF2-44B0-A81A-06F41708B4E0}.Release|Any CPU.Build.0 = Release|Any CPU
		{0838FDDF-C6D0-47B4-ACFF-21DFE2191EA3}.Debug|Any CPU.ActiveCfg = Debug|Any CPU
		{0838FDDF-C6D0-47B4-ACFF-21DFE2191EA3}.Debug|Any CPU.Build.0 = Debug|Any CPU
		{0838FDDF-C6D0-47B4-ACFF-21DFE2191EA3}.Release|Any CPU.ActiveCfg = Release|Any CPU
		{0838FDDF-C6D0-47B4-ACFF-21DFE2191EA3}.Release|Any CPU.Build.0 = Release|Any CPU
	EndGlobalSection
	GlobalSection(SolutionProperties) = preSolution
		HideSolutionNode = FALSE
	EndGlobalSection
	GlobalSection(ExtensibilityGlobals) = postSolution
		SolutionGuid = {00503A5B-98DF-4844-9E18-43BF39AC3365}
	EndGlobalSection
EndGlobal
